
Microsoft Visual Studio Solution File, Format Version 12.00
# Visual Studio 15
VisualStudioVersion = 15.0.27428.2011
MinimumVisualStudioVersion = 10.0.40219.1
Project("{FAE04EC0-301F-11D3-BF4B-00C04F79EFBC}") = "YieldDateTime", "YieldDateTime\YieldDateTime.csproj", "{BB1CC260-CADF-4D0A-BF16-7A0477F06E7B}"
EndProject
Global
	GlobalSection(SolutionConfigurationPlatforms) = preSolution
		Debug|Any CPU = Debug|Any CPU
		Release|Any CPU = Release|Any CPU
	EndGlobalSection
	GlobalSection(ProjectConfigurationPlatforms) = postSolution
		{BB1CC260-CADF-4D0A-BF16-7A0477F06E7B}.Debug|Any CPU.ActiveCfg = Debug|Any CPU
		{BB1CC260-CADF-4D0A-BF16-7A0477F06E7B}.Debug|Any CPU.Build.0 = Debug|Any CPU
		{BB1CC260-CADF-4D0A-BF16-7A0477F06E7B}.Release|Any CPU.ActiveCfg = Release|Any CPU
		{BB1CC260-CADF-4D0A-BF16-7A0477F06E7B}.Release|Any CPU.Build.0 = Release|Any CPU
	EndGlobalSection
	GlobalSection(SolutionProperties) = preSolution
		HideSolutionNode = FALSE
	EndGlobalSection
	GlobalSection(ExtensibilityGlobals) = postSolution
		SolutionGuid = {BAB58A11-462E-49E5-861B-F7A046871CF4}
	EndGlobalSection
EndGlobal
